
Microsoft Visual Studio Solution File, Format Version 12.00
# Visual Studio 15
VisualStudioVersion = 15.0.26124.0
MinimumVisualStudioVersion = 15.0.26124.0
Project("{FAE04EC0-301F-11D3-BF4B-00C04F79EFBC}") = "BuildTasks", "BuildTasks\BuildTasks.csproj", "{67646F4C-AA24-413E-A0F2-D0BD125891F0}"
EndProject
Project("{FAE04EC0-301F-11D3-BF4B-00C04F79EFBC}") = "Clojure", "Clojure\Clojure.csproj", "{34A37202-CFAD-4F64-A6C5-D479386856DA}"
EndProject
Project("{FAE04EC0-301F-11D3-BF4B-00C04F79EFBC}") = "Csharp.Tests", "Csharp.Tests\Csharp.Tests.csproj", "{9F13D994-D42B-4CBA-92C3-79ADB746CDA3}"
EndProject
Project("{FAE04EC0-301F-11D3-BF4B-00C04F79EFBC}") = "Clojure.Source", "Clojure.Source\Clojure.Source.csproj", "{5BFE1A14-C76F-4D89-923A-58887B7E1EA7}"
EndProject
Project("{FAE04EC0-301F-11D3-BF4B-00C04F79EFBC}") = "Clojure.Compile", "Clojure.Compile\Clojure.Compile.csproj", "{C837EF29-2A65-4042-93C5-79398DA024A8}"
EndProject
Project("{FAE04EC0-301F-11D3-BF4B-00C04F79EFBC}") = "Clojure.Main", "Clojure.Main\Clojure.Main.csproj", "{8F91E4FA-16F2-4F77-8229-DD3775E7373D}"
EndProject
Global
	GlobalSection(SolutionConfigurationPlatforms) = preSolution
		Debug|Any CPU = Debug|Any CPU
		Debug|x64 = Debug|x64
		Debug|x86 = Debug|x86
		Release|Any CPU = Release|Any CPU
		Release|x64 = Release|x64
		Release|x86 = Release|x86
	EndGlobalSection
	GlobalSection(SolutionProperties) = preSolution
		HideSolutionNode = FALSE
	EndGlobalSection
	GlobalSection(ProjectConfigurationPlatforms) = postSolution
		{67646F4C-AA24-413E-A0F2-D0BD125891F0}.Debug|Any CPU.ActiveCfg = Debug|Any CPU
		{67646F4C-AA24-413E-A0F2-D0BD125891F0}.Debug|Any CPU.Build.0 = Debug|Any CPU
		{67646F4C-AA24-413E-A0F2-D0BD125891F0}.Debug|x64.ActiveCfg = Debug|Any CPU
		{67646F4C-AA24-413E-A0F2-D0BD125891F0}.Debug|x64.Build.0 = Debug|Any CPU
		{67646F4C-AA24-413E-A0F2-D0BD125891F0}.Debug|x86.ActiveCfg = Debug|Any CPU
		{67646F4C-AA24-413E-A0F2-D0BD125891F0}.Debug|x86.Build.0 = Debug|Any CPU
		{67646F4C-AA24-413E-A0F2-D0BD125891F0}.Release|Any CPU.ActiveCfg = Release|Any CPU
		{67646F4C-AA24-413E-A0F2-D0BD125891F0}.Release|Any CPU.Build.0 = Release|Any CPU
		{67646F4C-AA24-413E-A0F2-D0BD125891F0}.Release|x64.ActiveCfg = Release|Any CPU
		{67646F4C-AA24-413E-A0F2-D0BD125891F0}.Release|x64.Build.0 = Release|Any CPU
		{67646F4C-AA24-413E-A0F2-D0BD125891F0}.Release|x86.ActiveCfg = Release|Any CPU
		{67646F4C-AA24-413E-A0F2-D0BD125891F0}.Release|x86.Build.0 = Release|Any CPU
		{34A37202-CFAD-4F64-A6C5-D479386856DA}.Debug|Any CPU.ActiveCfg = Debug|Any CPU
		{34A37202-CFAD-4F64-A6C5-D479386856DA}.Debug|Any CPU.Build.0 = Debug|Any CPU
		{34A37202-CFAD-4F64-A6C5-D479386856DA}.Debug|x64.ActiveCfg = Debug|Any CPU
		{34A37202-CFAD-4F64-A6C5-D479386856DA}.Debug|x64.Build.0 = Debug|Any CPU
		{34A37202-CFAD-4F64-A6C5-D479386856DA}.Debug|x86.ActiveCfg = Debug|Any CPU
		{34A37202-CFAD-4F64-A6C5-D479386856DA}.Debug|x86.Build.0 = Debug|Any CPU
		{34A37202-CFAD-4F64-A6C5-D479386856DA}.Release|Any CPU.ActiveCfg = Release|Any CPU
		{34A37202-CFAD-4F64-A6C5-D479386856DA}.Release|Any CPU.Build.0 = Release|Any CPU
		{34A37202-CFAD-4F64-A6C5-D479386856DA}.Release|x64.ActiveCfg = Release|Any CPU
		{34A37202-CFAD-4F64-A6C5-D479386856DA}.Release|x64.Build.0 = Release|Any CPU
		{34A37202-CFAD-4F64-A6C5-D479386856DA}.Release|x86.ActiveCfg = Release|Any CPU
		{34A37202-CFAD-4F64-A6C5-D479386856DA}.Release|x86.Build.0 = Release|Any CPU
		{9F13D994-D42B-4CBA-92C3-79ADB746CDA3}.Debug|Any CPU.ActiveCfg = Debug|Any CPU
		{9F13D994-D42B-4CBA-92C3-79ADB746CDA3}.Debug|Any CPU.Build.0 = Debug|Any CPU
		{9F13D994-D42B-4CBA-92C3-79ADB746CDA3}.Debug|x64.ActiveCfg = Debug|Any CPU
		{9F13D994-D42B-4CBA-92C3-79ADB746CDA3}.Debug|x64.Build.0 = Debug|Any CPU
		{9F13D994-D42B-4CBA-92C3-79ADB746CDA3}.Debug|x86.ActiveCfg = Debug|Any CPU
		{9F13D994-D42B-4CBA-92C3-79ADB746CDA3}.Debug|x86.Build.0 = Debug|Any CPU
		{9F13D994-D42B-4CBA-92C3-79ADB746CDA3}.Release|Any CPU.ActiveCfg = Release|Any CPU
		{9F13D994-D42B-4CBA-92C3-79ADB746CDA3}.Release|Any CPU.Build.0 = Release|Any CPU
		{9F13D994-D42B-4CBA-92C3-79ADB746CDA3}.Release|x64.ActiveCfg = Release|Any CPU
		{9F13D994-D42B-4CBA-92C3-79ADB746CDA3}.Release|x64.Build.0 = Release|Any CPU
		{9F13D994-D42B-4CBA-92C3-79ADB746CDA3}.Release|x86.ActiveCfg = Release|Any CPU
		{9F13D994-D42B-4CBA-92C3-79ADB746CDA3}.Release|x86.Build.0 = Release|Any CPU
		{5BFE1A14-C76F-4D89-923A-58887B7E1EA7}.Debug|Any CPU.ActiveCfg = Debug|Any CPU
		{5BFE1A14-C76F-4D89-923A-58887B7E1EA7}.Debug|Any CPU.Build.0 = Debug|Any CPU
		{5BFE1A14-C76F-4D89-923A-58887B7E1EA7}.Debug|x64.ActiveCfg = Debug|Any CPU
		{5BFE1A14-C76F-4D89-923A-58887B7E1EA7}.Debug|x64.Build.0 = Debug|Any CPU
		{5BFE1A14-C76F-4D89-923A-58887B7E1EA7}.Debug|x86.ActiveCfg = Debug|Any CPU
		{5BFE1A14-C76F-4D89-923A-58887B7E1EA7}.Debug|x86.Build.0 = Debug|Any CPU
		{5BFE1A14-C76F-4D89-923A-58887B7E1EA7}.Release|Any CPU.ActiveCfg = Release|Any CPU
		{5BFE1A14-C76F-4D89-923A-58887B7E1EA7}.Release|Any CPU.Build.0 = Release|Any CPU
		{5BFE1A14-C76F-4D89-923A-58887B7E1EA7}.Release|x64.ActiveCfg = Release|Any CPU
		{5BFE1A14-C76F-4D89-923A-58887B7E1EA7}.Release|x64.Build.0 = Release|Any CPU
		{5BFE1A14-C76F-4D89-923A-58887B7E1EA7}.Release|x86.ActiveCfg = Release|Any CPU
		{5BFE1A14-C76F-4D89-923A-58887B7E1EA7}.Release|x86.Build.0 = Release|Any CPU
		{C837EF29-2A65-4042-93C5-79398DA024A8}.Debug|Any CPU.ActiveCfg = Debug|Any CPU
		{C837EF29-2A65-4042-93C5-79398DA024A8}.Debug|Any CPU.Build.0 = Debug|Any CPU
		{C837EF29-2A65-4042-93C5-79398DA024A8}.Debug|x64.ActiveCfg = Debug|Any CPU
		{C837EF29-2A65-4042-93C5-79398DA024A8}.Debug|x64.Build.0 = Debug|Any CPU
		{C837EF29-2A65-4042-93C5-79398DA024A8}.Debug|x86.ActiveCfg = Debug|Any CPU
		{C837EF29-2A65-4042-93C5-79398DA024A8}.Debug|x86.Build.0 = Debug|Any CPU
		{C837EF29-2A65-4042-93C5-79398DA024A8}.Release|Any CPU.ActiveCfg = Release|Any CPU
		{C837EF29-2A65-4042-93C5-79398DA024A8}.Release|Any CPU.Build.0 = Release|Any CPU
		{C837EF29-2A65-4042-93C5-79398DA024A8}.Release|x64.ActiveCfg = Release|Any CPU
		{C837EF29-2A65-4042-93C5-79398DA024A8}.Release|x64.Build.0 = Release|Any CPU
		{C837EF29-2A65-4042-93C5-79398DA024A8}.Release|x86.ActiveCfg = Release|Any CPU
		{C837EF29-2A65-4042-93C5-79398DA024A8}.Release|x86.Build.0 = Release|Any CPU
		{8F91E4FA-16F2-4F77-8229-DD3775E7373D}.Debug|Any CPU.ActiveCfg = Debug|Any CPU
		{8F91E4FA-16F2-4F77-8229-DD3775E7373D}.Debug|Any CPU.Build.0 = Debug|Any CPU
		{8F91E4FA-16F2-4F77-8229-DD3775E7373D}.Debug|x64.ActiveCfg = Debug|Any CPU
		{8F91E4FA-16F2-4F77-8229-DD3775E7373D}.Debug|x64.Build.0 = Debug|Any CPU
		{8F91E4FA-16F2-4F77-8229-DD3775E7373D}.Debug|x86.ActiveCfg = Debug|Any CPU
		{8F91E4FA-16F2-4F77-8229-DD3775E7373D}.Debug|x86.Build.0 = Debug|Any CPU
		{8F91E4FA-16F2-4F77-8229-DD3775E7373D}.Release|Any CPU.ActiveCfg = Release|Any CPU
		{8F91E4FA-16F2-4F77-8229-DD3775E7373D}.Release|Any CPU.Build.0 = Release|Any CPU
		{8F91E4FA-16F2-4F77-8229-DD3775E7373D}.Release|x64.ActiveCfg = Release|Any CPU
		{8F91E4FA-16F2-4F77-8229-DD3775E7373D}.Release|x64.Build.0 = Release|Any CPU
		{8F91E4FA-16F2-4F77-8229-DD3775E7373D}.Release|x86.ActiveCfg = Release|Any CPU
		{8F91E4FA-16F2-4F77-8229-DD3775E7373D}.Release|x86.Build.0 = Release|Any CPU
	EndGlobalSection
EndGlobal
