
Microsoft Visual Studio Solution File, Format Version 12.00
# Visual Studio 2013
VisualStudioVersion = 12.0.31101.0
MinimumVisualStudioVersion = 10.0.40219.1
Project("{FAE04EC0-301F-11D3-BF4B-00C04F79EFBC}") = "Clojure", "Clojure\Clojure.csproj", "{B8089F66-DFBD-4906-BEE0-B317689C2524}"
EndProject
Project("{FAE04EC0-301F-11D3-BF4B-00C04F79EFBC}") = "Clojure.Tests", "Clojure.Tests\Clojure.Tests.csproj", "{656E1517-B0CA-47B4-B068-3DF43DC41F8A}"
EndProject
Project("{FAE04EC0-301F-11D3-BF4B-00C04F79EFBC}") = "Simple.Console", "Simple.Console\Simple.Console.csproj", "{B57B71C6-A952-41A1-ABF1-9B9BACDD12ED}"
EndProject
Project("{FAE04EC0-301F-11D3-BF4B-00C04F79EFBC}") = "Clojure.Main", "Clojure.Main\Clojure.Main.csproj", "{A9B3BA9E-6955-43E6-9846-54DEFEDCFBFC}"
EndProject
Project("{FAE04EC0-301F-11D3-BF4B-00C04F79EFBC}") = "Clojure.Source", "Clojure.Source\Clojure.Source.csproj", "{0A74E77B-8BFF-4A64-8A16-5D0E5C9C47F3}"
EndProject
Project("{FAE04EC0-301F-11D3-BF4B-00C04F79EFBC}") = "Clojure.Compile", "Clojure.Compile\Clojure.Compile.csproj", "{3DBF3359-43B5-47C9-9E4D-CF50D7587F20}"
EndProject
Project("{2150E333-8FDC-42A3-9474-1A3956D46DE8}") = "Solution Items", "Solution Items", "{6EFD39C3-8DC2-4188-845B-303375E78550}"
	ProjectSection(SolutionItems) = preProject
		build.proj = build.proj
	EndProjectSection
EndProject
Project("{FAE04EC0-301F-11D3-BF4B-00C04F79EFBC}") = "DlrConsole", "DlrConsole\DlrConsole.csproj", "{4F303159-0D0D-44D2-885D-B84F406BAF0C}"
EndProject
Project("{FAE04EC0-301F-11D3-BF4B-00C04F79EFBC}") = "Csharp.Tests", "Csharp.Tests\Csharp.Tests.csproj", "{D4B7FCED-73D0-4333-9800-611A1D1C2993}"
EndProject
Project("{2150E333-8FDC-42A3-9474-1A3956D46DE8}") = ".nuget", ".nuget", "{CA275FBE-AA0C-4EAA-A944-2B000007AE5B}"
	ProjectSection(SolutionItems) = preProject
		.nuget\NuGet.Config = .nuget\NuGet.Config
		.nuget\NuGet.exe = .nuget\NuGet.exe
		.nuget\NuGet.targets = .nuget\NuGet.targets
	EndProjectSection
EndProject
Project("{FAE04EC0-301F-11D3-BF4B-00C04F79EFBC}") = "BuildTasks", "BuildTasks\BuildTasks.csproj", "{882246F7-2FA0-4D36-BF7C-96C25FC22300}"
EndProject
Global
	GlobalSection(SolutionConfigurationPlatforms) = preSolution
		Debug 3.5|Any CPU = Debug 3.5|Any CPU
		Debug 4.0|Any CPU = Debug 4.0|Any CPU
		Debug|Any CPU = Debug|Any CPU
		Release 3.5|Any CPU = Release 3.5|Any CPU
		Release 4.0|Any CPU = Release 4.0|Any CPU
		Release|Any CPU = Release|Any CPU
	EndGlobalSection
	GlobalSection(ProjectConfigurationPlatforms) = postSolution
		{B8089F66-DFBD-4906-BEE0-B317689C2524}.Debug 3.5|Any CPU.ActiveCfg = Debug 3.5|Any CPU
		{B8089F66-DFBD-4906-BEE0-B317689C2524}.Debug 3.5|Any CPU.Build.0 = Debug 3.5|Any CPU
		{B8089F66-DFBD-4906-BEE0-B317689C2524}.Debug 4.0|Any CPU.ActiveCfg = Debug 4.0|Any CPU
		{B8089F66-DFBD-4906-BEE0-B317689C2524}.Debug 4.0|Any CPU.Build.0 = Debug 4.0|Any CPU
		{B8089F66-DFBD-4906-BEE0-B317689C2524}.Debug|Any CPU.ActiveCfg = Debug 4.0|Any CPU
		{B8089F66-DFBD-4906-BEE0-B317689C2524}.Debug|Any CPU.Build.0 = Debug 4.0|Any CPU
		{B8089F66-DFBD-4906-BEE0-B317689C2524}.Release 3.5|Any CPU.ActiveCfg = Release 3.5|Any CPU
		{B8089F66-DFBD-4906-BEE0-B317689C2524}.Release 3.5|Any CPU.Build.0 = Release 3.5|Any CPU
		{B8089F66-DFBD-4906-BEE0-B317689C2524}.Release 4.0|Any CPU.ActiveCfg = Release 4.0|Any CPU
		{B8089F66-DFBD-4906-BEE0-B317689C2524}.Release 4.0|Any CPU.Build.0 = Release 4.0|Any CPU
		{B8089F66-DFBD-4906-BEE0-B317689C2524}.Release|Any CPU.ActiveCfg = Release 4.0|Any CPU
		{B8089F66-DFBD-4906-BEE0-B317689C2524}.Release|Any CPU.Build.0 = Release 4.0|Any CPU
		{656E1517-B0CA-47B4-B068-3DF43DC41F8A}.Debug 3.5|Any CPU.ActiveCfg = Debug 3.5|Any CPU
		{656E1517-B0CA-47B4-B068-3DF43DC41F8A}.Debug 3.5|Any CPU.Build.0 = Debug 3.5|Any CPU
		{656E1517-B0CA-47B4-B068-3DF43DC41F8A}.Debug 4.0|Any CPU.ActiveCfg = Debug 4.0|Any CPU
		{656E1517-B0CA-47B4-B068-3DF43DC41F8A}.Debug 4.0|Any CPU.Build.0 = Debug 4.0|Any CPU
		{656E1517-B0CA-47B4-B068-3DF43DC41F8A}.Debug|Any CPU.ActiveCfg = Debug 4.0|Any CPU
		{656E1517-B0CA-47B4-B068-3DF43DC41F8A}.Debug|Any CPU.Build.0 = Debug 4.0|Any CPU
		{656E1517-B0CA-47B4-B068-3DF43DC41F8A}.Release 3.5|Any CPU.ActiveCfg = Release 3.5|Any CPU
		{656E1517-B0CA-47B4-B068-3DF43DC41F8A}.Release 3.5|Any CPU.Build.0 = Release 3.5|Any CPU
		{656E1517-B0CA-47B4-B068-3DF43DC41F8A}.Release 4.0|Any CPU.ActiveCfg = Release 4.0|Any CPU
		{656E1517-B0CA-47B4-B068-3DF43DC41F8A}.Release 4.0|Any CPU.Build.0 = Release 4.0|Any CPU
		{656E1517-B0CA-47B4-B068-3DF43DC41F8A}.Release|Any CPU.ActiveCfg = Release 4.0|Any CPU
		{656E1517-B0CA-47B4-B068-3DF43DC41F8A}.Release|Any CPU.Build.0 = Release 4.0|Any CPU
		{B57B71C6-A952-41A1-ABF1-9B9BACDD12ED}.Debug 3.5|Any CPU.ActiveCfg = Debug 3.5|Any CPU
		{B57B71C6-A952-41A1-ABF1-9B9BACDD12ED}.Debug 3.5|Any CPU.Build.0 = Debug 3.5|Any CPU
		{B57B71C6-A952-41A1-ABF1-9B9BACDD12ED}.Debug 4.0|Any CPU.ActiveCfg = Debug 4.0|Any CPU
		{B57B71C6-A952-41A1-ABF1-9B9BACDD12ED}.Debug 4.0|Any CPU.Build.0 = Debug 4.0|Any CPU
		{B57B71C6-A952-41A1-ABF1-9B9BACDD12ED}.Debug|Any CPU.ActiveCfg = Debug 4.0|Any CPU
		{B57B71C6-A952-41A1-ABF1-9B9BACDD12ED}.Debug|Any CPU.Build.0 = Debug 4.0|Any CPU
		{B57B71C6-A952-41A1-ABF1-9B9BACDD12ED}.Release 3.5|Any CPU.ActiveCfg = Release 3.5|Any CPU
		{B57B71C6-A952-41A1-ABF1-9B9BACDD12ED}.Release 3.5|Any CPU.Build.0 = Release 3.5|Any CPU
		{B57B71C6-A952-41A1-ABF1-9B9BACDD12ED}.Release 4.0|Any CPU.ActiveCfg = Release 4.0|Any CPU
		{B57B71C6-A952-41A1-ABF1-9B9BACDD12ED}.Release 4.0|Any CPU.Build.0 = Release 4.0|Any CPU
		{B57B71C6-A952-41A1-ABF1-9B9BACDD12ED}.Release|Any CPU.ActiveCfg = Release 4.0|Any CPU
		{B57B71C6-A952-41A1-ABF1-9B9BACDD12ED}.Release|Any CPU.Build.0 = Release 4.0|Any CPU
		{A9B3BA9E-6955-43E6-9846-54DEFEDCFBFC}.Debug 3.5|Any CPU.ActiveCfg = Debug 3.5|Any CPU
		{A9B3BA9E-6955-43E6-9846-54DEFEDCFBFC}.Debug 3.5|Any CPU.Build.0 = Debug 3.5|Any CPU
		{A9B3BA9E-6955-43E6-9846-54DEFEDCFBFC}.Debug 4.0|Any CPU.ActiveCfg = Debug 4.0|Any CPU
		{A9B3BA9E-6955-43E6-9846-54DEFEDCFBFC}.Debug 4.0|Any CPU.Build.0 = Debug 4.0|Any CPU
		{A9B3BA9E-6955-43E6-9846-54DEFEDCFBFC}.Debug|Any CPU.ActiveCfg = Debug 4.0|Any CPU
		{A9B3BA9E-6955-43E6-9846-54DEFEDCFBFC}.Debug|Any CPU.Build.0 = Debug 4.0|Any CPU
		{A9B3BA9E-6955-43E6-9846-54DEFEDCFBFC}.Release 3.5|Any CPU.ActiveCfg = Release 3.5|Any CPU
		{A9B3BA9E-6955-43E6-9846-54DEFEDCFBFC}.Release 3.5|Any CPU.Build.0 = Release 3.5|Any CPU
		{A9B3BA9E-6955-43E6-9846-54DEFEDCFBFC}.Release 4.0|Any CPU.ActiveCfg = Release 4.0|Any CPU
		{A9B3BA9E-6955-43E6-9846-54DEFEDCFBFC}.Release 4.0|Any CPU.Build.0 = Release 4.0|Any CPU
		{A9B3BA9E-6955-43E6-9846-54DEFEDCFBFC}.Release|Any CPU.ActiveCfg = Release 4.0|Any CPU
		{A9B3BA9E-6955-43E6-9846-54DEFEDCFBFC}.Release|Any CPU.Build.0 = Release 4.0|Any CPU
		{0A74E77B-8BFF-4A64-8A16-5D0E5C9C47F3}.Debug 3.5|Any CPU.ActiveCfg = Debug 3.5|Any CPU
		{0A74E77B-8BFF-4A64-8A16-5D0E5C9C47F3}.Debug 3.5|Any CPU.Build.0 = Debug 3.5|Any CPU
		{0A74E77B-8BFF-4A64-8A16-5D0E5C9C47F3}.Debug 4.0|Any CPU.ActiveCfg = Debug 4.0|Any CPU
		{0A74E77B-8BFF-4A64-8A16-5D0E5C9C47F3}.Debug 4.0|Any CPU.Build.0 = Debug 4.0|Any CPU
		{0A74E77B-8BFF-4A64-8A16-5D0E5C9C47F3}.Debug|Any CPU.ActiveCfg = Debug 4.0|Any CPU
		{0A74E77B-8BFF-4A64-8A16-5D0E5C9C47F3}.Debug|Any CPU.Build.0 = Debug 4.0|Any CPU
		{0A74E77B-8BFF-4A64-8A16-5D0E5C9C47F3}.Release 3.5|Any CPU.ActiveCfg = Release 3.5|Any CPU
		{0A74E77B-8BFF-4A64-8A16-5D0E5C9C47F3}.Release 3.5|Any CPU.Build.0 = Release 3.5|Any CPU
		{0A74E77B-8BFF-4A64-8A16-5D0E5C9C47F3}.Release 4.0|Any CPU.ActiveCfg = Release 4.0|Any CPU
		{0A74E77B-8BFF-4A64-8A16-5D0E5C9C47F3}.Release 4.0|Any CPU.Build.0 = Release 4.0|Any CPU
		{0A74E77B-8BFF-4A64-8A16-5D0E5C9C47F3}.Release|Any CPU.ActiveCfg = Release 4.0|Any CPU
		{0A74E77B-8BFF-4A64-8A16-5D0E5C9C47F3}.Release|Any CPU.Build.0 = Release 4.0|Any CPU
		{3DBF3359-43B5-47C9-9E4D-CF50D7587F20}.Debug 3.5|Any CPU.ActiveCfg = Debug 3.5|Any CPU
		{3DBF3359-43B5-47C9-9E4D-CF50D7587F20}.Debug 3.5|Any CPU.Build.0 = Debug 3.5|Any CPU
		{3DBF3359-43B5-47C9-9E4D-CF50D7587F20}.Debug 4.0|Any CPU.ActiveCfg = Debug 4.0|Any CPU
		{3DBF3359-43B5-47C9-9E4D-CF50D7587F20}.Debug 4.0|Any CPU.Build.0 = Debug 4.0|Any CPU
		{3DBF3359-43B5-47C9-9E4D-CF50D7587F20}.Debug|Any CPU.ActiveCfg = Debug 4.0|Any CPU
		{3DBF3359-43B5-47C9-9E4D-CF50D7587F20}.Debug|Any CPU.Build.0 = Debug 4.0|Any CPU
		{3DBF3359-43B5-47C9-9E4D-CF50D7587F20}.Release 3.5|Any CPU.ActiveCfg = Release 3.5|Any CPU
		{3DBF3359-43B5-47C9-9E4D-CF50D7587F20}.Release 3.5|Any CPU.Build.0 = Release 3.5|Any CPU
		{3DBF3359-43B5-47C9-9E4D-CF50D7587F20}.Release 4.0|Any CPU.ActiveCfg = Release 4.0|Any CPU
		{3DBF3359-43B5-47C9-9E4D-CF50D7587F20}.Release 4.0|Any CPU.Build.0 = Release 4.0|Any CPU
		{3DBF3359-43B5-47C9-9E4D-CF50D7587F20}.Release|Any CPU.ActiveCfg = Release 4.0|Any CPU
		{3DBF3359-43B5-47C9-9E4D-CF50D7587F20}.Release|Any CPU.Build.0 = Release 4.0|Any CPU
		{4F303159-0D0D-44D2-885D-B84F406BAF0C}.Debug 3.5|Any CPU.ActiveCfg = Debug 3.5|Any CPU
		{4F303159-0D0D-44D2-885D-B84F406BAF0C}.Debug 3.5|Any CPU.Build.0 = Debug 3.5|Any CPU
		{4F303159-0D0D-44D2-885D-B84F406BAF0C}.Debug 4.0|Any CPU.ActiveCfg = Debug 4.0|Any CPU
		{4F303159-0D0D-44D2-885D-B84F406BAF0C}.Debug 4.0|Any CPU.Build.0 = Debug 4.0|Any CPU
		{4F303159-0D0D-44D2-885D-B84F406BAF0C}.Debug|Any CPU.ActiveCfg = Debug 4.0|Any CPU
		{4F303159-0D0D-44D2-885D-B84F406BAF0C}.Debug|Any CPU.Build.0 = Debug 4.0|Any CPU
		{4F303159-0D0D-44D2-885D-B84F406BAF0C}.Release 3.5|Any CPU.ActiveCfg = Release 3.5|Any CPU
		{4F303159-0D0D-44D2-885D-B84F406BAF0C}.Release 3.5|Any CPU.Build.0 = Release 3.5|Any CPU
		{4F303159-0D0D-44D2-885D-B84F406BAF0C}.Release 4.0|Any CPU.ActiveCfg = Release 4.0|Any CPU
		{4F303159-0D0D-44D2-885D-B84F406BAF0C}.Release 4.0|Any CPU.Build.0 = Release 4.0|Any CPU
		{4F303159-0D0D-44D2-885D-B84F406BAF0C}.Release|Any CPU.ActiveCfg = Release 4.0|Any CPU
		{4F303159-0D0D-44D2-885D-B84F406BAF0C}.Release|Any CPU.Build.0 = Release 4.0|Any CPU
		{D4B7FCED-73D0-4333-9800-611A1D1C2993}.Debug 3.5|Any CPU.ActiveCfg = Debug 3.5|Any CPU
		{D4B7FCED-73D0-4333-9800-611A1D1C2993}.Debug 3.5|Any CPU.Build.0 = Debug 3.5|Any CPU
		{D4B7FCED-73D0-4333-9800-611A1D1C2993}.Debug 4.0|Any CPU.ActiveCfg = Debug 4.0|Any CPU
		{D4B7FCED-73D0-4333-9800-611A1D1C2993}.Debug 4.0|Any CPU.Build.0 = Debug 4.0|Any CPU
		{D4B7FCED-73D0-4333-9800-611A1D1C2993}.Debug|Any CPU.ActiveCfg = Debug 4.0|Any CPU
		{D4B7FCED-73D0-4333-9800-611A1D1C2993}.Debug|Any CPU.Build.0 = Debug 4.0|Any CPU
		{D4B7FCED-73D0-4333-9800-611A1D1C2993}.Release 3.5|Any CPU.ActiveCfg = Release 3.5|Any CPU
		{D4B7FCED-73D0-4333-9800-611A1D1C2993}.Release 3.5|Any CPU.Build.0 = Release 3.5|Any CPU
		{D4B7FCED-73D0-4333-9800-611A1D1C2993}.Release 4.0|Any CPU.ActiveCfg = Release 4.0|Any CPU
		{D4B7FCED-73D0-4333-9800-611A1D1C2993}.Release 4.0|Any CPU.Build.0 = Release 4.0|Any CPU
		{D4B7FCED-73D0-4333-9800-611A1D1C2993}.Release|Any CPU.ActiveCfg = Release 4.0|Any CPU
		{D4B7FCED-73D0-4333-9800-611A1D1C2993}.Release|Any CPU.Build.0 = Release 4.0|Any CPU
		{882246F7-2FA0-4D36-BF7C-96C25FC22300}.Debug 3.5|Any CPU.ActiveCfg = Debug|Any CPU
		{882246F7-2FA0-4D36-BF7C-96C25FC22300}.Debug 3.5|Any CPU.Build.0 = Debug|Any CPU
		{882246F7-2FA0-4D36-BF7C-96C25FC22300}.Debug 4.0|Any CPU.ActiveCfg = Debug|Any CPU
		{882246F7-2FA0-4D36-BF7C-96C25FC22300}.Debug 4.0|Any CPU.Build.0 = Debug|Any CPU
		{882246F7-2FA0-4D36-BF7C-96C25FC22300}.Debug|Any CPU.ActiveCfg = Debug|Any CPU
		{882246F7-2FA0-4D36-BF7C-96C25FC22300}.Debug|Any CPU.Build.0 = Debug|Any CPU
		{882246F7-2FA0-4D36-BF7C-96C25FC22300}.Release 3.5|Any CPU.ActiveCfg = Release|Any CPU
		{882246F7-2FA0-4D36-BF7C-96C25FC22300}.Release 3.5|Any CPU.Build.0 = Release|Any CPU
		{882246F7-2FA0-4D36-BF7C-96C25FC22300}.Release 4.0|Any CPU.ActiveCfg = Release|Any CPU
		{882246F7-2FA0-4D36-BF7C-96C25FC22300}.Release 4.0|Any CPU.Build.0 = Release|Any CPU
		{882246F7-2FA0-4D36-BF7C-96C25FC22300}.Release|Any CPU.ActiveCfg = Release|Any CPU
		{882246F7-2FA0-4D36-BF7C-96C25FC22300}.Release|Any CPU.Build.0 = Release|Any CPU
	EndGlobalSection
	GlobalSection(SolutionProperties) = preSolution
		HideSolutionNode = FALSE
	EndGlobalSection
EndGlobal
