
Microsoft Visual Studio Solution File, Format Version 10.00
# Visual Studio 2008
Project("{FAE04EC0-301F-11D3-BF4B-00C04F79EFBC}") = "Clojure", "Clojure\Clojure.csproj", "{B8089F66-DFBD-4906-BEE0-B317689C2524}"
EndProject
Project("{FAE04EC0-301F-11D3-BF4B-00C04F79EFBC}") = "Clojure.Tests", "Clojure.Tests\Clojure.Tests.csproj", "{656E1517-B0CA-47B4-B068-3DF43DC41F8A}"
EndProject
Project("{FAE04EC0-301F-11D3-BF4B-00C04F79EFBC}") = "Simple.Console", "Simple.Console\Simple.Console.csproj", "{B57B71C6-A952-41A1-ABF1-9B9BACDD12ED}"
EndProject
Project("{FAE04EC0-301F-11D3-BF4B-00C04F79EFBC}") = "Clojure.Main", "Clojure.Main\Clojure.Main.csproj", "{A9B3BA9E-6955-43E6-9846-54DEFEDCFBFC}"
EndProject
Project("{FAE04EC0-301F-11D3-BF4B-00C04F79EFBC}") = "Clojure.Source", "Clojure.Source\Clojure.Source.csproj", "{0A74E77B-8BFF-4A64-8A16-5D0E5C9C47F3}"
EndProject
Project("{FAE04EC0-301F-11D3-BF4B-00C04F79EFBC}") = "Clojure.Compile", "Clojure.Compile\Clojure.Compile.csproj", "{3DBF3359-43B5-47C9-9E4D-CF50D7587F20}"
EndProject
Project("{2150E333-8FDC-42A3-9474-1A3956D46DE8}") = "Runtime", "Runtime", "{491B4A6F-D38A-49CA-BDE8-A7693919CB0B}"
EndProject
Project("{FAE04EC0-301F-11D3-BF4B-00C04F79EFBC}") = "Microsoft.Scripting.Core", "..\..\DLR_Main\Src\Runtime\Microsoft.Scripting.Core\Microsoft.Scripting.Core.csproj", "{2AE75F5A-CD1F-4925-9647-AF4D1C282FB4}"
EndProject
Project("{FAE04EC0-301F-11D3-BF4B-00C04F79EFBC}") = "Microsoft.Scripting", "..\..\DLR_Main\Src\Runtime\Microsoft.Scripting\Microsoft.Scripting.csproj", "{EB66B766-6354-4208-A3D4-AACBDCB5C3B3}"
EndProject
Project("{FAE04EC0-301F-11D3-BF4B-00C04F79EFBC}") = "Microsoft.Scripting.ExtensionAttribute", "..\..\DLR_Main\Src\Runtime\Microsoft.Scripting.Core\Microsoft.Scripting.ExtensionAttribute.csproj", "{8B0F1074-750E-4D64-BF23-A1E0F54261E5}"
EndProject
Global
	GlobalSection(SolutionConfigurationPlatforms) = preSolution
		Debug|Any CPU = Debug|Any CPU
		DelaySigned Release|Any CPU = DelaySigned Release|Any CPU
		DelaySigned Silverlight Release|Any CPU = DelaySigned Silverlight Release|Any CPU
		FxCop|Any CPU = FxCop|Any CPU
		Release|Any CPU = Release|Any CPU
		Silverlight Debug|Any CPU = Silverlight Debug|Any CPU
		Silverlight Release|Any CPU = Silverlight Release|Any CPU
		SpecSharp|Any CPU = SpecSharp|Any CPU
	EndGlobalSection
	GlobalSection(ProjectConfigurationPlatforms) = postSolution
		{B8089F66-DFBD-4906-BEE0-B317689C2524}.Debug|Any CPU.ActiveCfg = Debug|Any CPU
		{B8089F66-DFBD-4906-BEE0-B317689C2524}.Debug|Any CPU.Build.0 = Debug|Any CPU
		{B8089F66-DFBD-4906-BEE0-B317689C2524}.DelaySigned Release|Any CPU.ActiveCfg = Release|Any CPU
		{B8089F66-DFBD-4906-BEE0-B317689C2524}.DelaySigned Release|Any CPU.Build.0 = Release|Any CPU
		{B8089F66-DFBD-4906-BEE0-B317689C2524}.DelaySigned Silverlight Release|Any CPU.ActiveCfg = Release|Any CPU
		{B8089F66-DFBD-4906-BEE0-B317689C2524}.DelaySigned Silverlight Release|Any CPU.Build.0 = Release|Any CPU
		{B8089F66-DFBD-4906-BEE0-B317689C2524}.FxCop|Any CPU.ActiveCfg = Release|Any CPU
		{B8089F66-DFBD-4906-BEE0-B317689C2524}.FxCop|Any CPU.Build.0 = Release|Any CPU
		{B8089F66-DFBD-4906-BEE0-B317689C2524}.Release|Any CPU.ActiveCfg = Release|Any CPU
		{B8089F66-DFBD-4906-BEE0-B317689C2524}.Release|Any CPU.Build.0 = Release|Any CPU
		{B8089F66-DFBD-4906-BEE0-B317689C2524}.Silverlight Debug|Any CPU.ActiveCfg = Debug|Any CPU
		{B8089F66-DFBD-4906-BEE0-B317689C2524}.Silverlight Debug|Any CPU.Build.0 = Debug|Any CPU
		{B8089F66-DFBD-4906-BEE0-B317689C2524}.Silverlight Release|Any CPU.ActiveCfg = Release|Any CPU
		{B8089F66-DFBD-4906-BEE0-B317689C2524}.Silverlight Release|Any CPU.Build.0 = Release|Any CPU
		{B8089F66-DFBD-4906-BEE0-B317689C2524}.SpecSharp|Any CPU.ActiveCfg = Release|Any CPU
		{B8089F66-DFBD-4906-BEE0-B317689C2524}.SpecSharp|Any CPU.Build.0 = Release|Any CPU
		{656E1517-B0CA-47B4-B068-3DF43DC41F8A}.Debug|Any CPU.ActiveCfg = Debug|Any CPU
		{656E1517-B0CA-47B4-B068-3DF43DC41F8A}.Debug|Any CPU.Build.0 = Debug|Any CPU
		{656E1517-B0CA-47B4-B068-3DF43DC41F8A}.DelaySigned Release|Any CPU.ActiveCfg = Release|Any CPU
		{656E1517-B0CA-47B4-B068-3DF43DC41F8A}.DelaySigned Release|Any CPU.Build.0 = Release|Any CPU
		{656E1517-B0CA-47B4-B068-3DF43DC41F8A}.DelaySigned Silverlight Release|Any CPU.ActiveCfg = Release|Any CPU
		{656E1517-B0CA-47B4-B068-3DF43DC41F8A}.DelaySigned Silverlight Release|Any CPU.Build.0 = Release|Any CPU
		{656E1517-B0CA-47B4-B068-3DF43DC41F8A}.FxCop|Any CPU.ActiveCfg = Release|Any CPU
		{656E1517-B0CA-47B4-B068-3DF43DC41F8A}.FxCop|Any CPU.Build.0 = Release|Any CPU
		{656E1517-B0CA-47B4-B068-3DF43DC41F8A}.Release|Any CPU.ActiveCfg = Release|Any CPU
		{656E1517-B0CA-47B4-B068-3DF43DC41F8A}.Release|Any CPU.Build.0 = Release|Any CPU
		{656E1517-B0CA-47B4-B068-3DF43DC41F8A}.Silverlight Debug|Any CPU.ActiveCfg = Debug|Any CPU
		{656E1517-B0CA-47B4-B068-3DF43DC41F8A}.Silverlight Debug|Any CPU.Build.0 = Debug|Any CPU
		{656E1517-B0CA-47B4-B068-3DF43DC41F8A}.Silverlight Release|Any CPU.ActiveCfg = Release|Any CPU
		{656E1517-B0CA-47B4-B068-3DF43DC41F8A}.Silverlight Release|Any CPU.Build.0 = Release|Any CPU
		{656E1517-B0CA-47B4-B068-3DF43DC41F8A}.SpecSharp|Any CPU.ActiveCfg = Release|Any CPU
		{656E1517-B0CA-47B4-B068-3DF43DC41F8A}.SpecSharp|Any CPU.Build.0 = Release|Any CPU
		{B57B71C6-A952-41A1-ABF1-9B9BACDD12ED}.Debug|Any CPU.ActiveCfg = Debug|Any CPU
		{B57B71C6-A952-41A1-ABF1-9B9BACDD12ED}.Debug|Any CPU.Build.0 = Debug|Any CPU
		{B57B71C6-A952-41A1-ABF1-9B9BACDD12ED}.DelaySigned Release|Any CPU.ActiveCfg = Release|Any CPU
		{B57B71C6-A952-41A1-ABF1-9B9BACDD12ED}.DelaySigned Release|Any CPU.Build.0 = Release|Any CPU
		{B57B71C6-A952-41A1-ABF1-9B9BACDD12ED}.DelaySigned Silverlight Release|Any CPU.ActiveCfg = Release|Any CPU
		{B57B71C6-A952-41A1-ABF1-9B9BACDD12ED}.DelaySigned Silverlight Release|Any CPU.Build.0 = Release|Any CPU
		{B57B71C6-A952-41A1-ABF1-9B9BACDD12ED}.FxCop|Any CPU.ActiveCfg = Release|Any CPU
		{B57B71C6-A952-41A1-ABF1-9B9BACDD12ED}.FxCop|Any CPU.Build.0 = Release|Any CPU
		{B57B71C6-A952-41A1-ABF1-9B9BACDD12ED}.Release|Any CPU.ActiveCfg = Release|Any CPU
		{B57B71C6-A952-41A1-ABF1-9B9BACDD12ED}.Release|Any CPU.Build.0 = Release|Any CPU
		{B57B71C6-A952-41A1-ABF1-9B9BACDD12ED}.Silverlight Debug|Any CPU.ActiveCfg = Debug|Any CPU
		{B57B71C6-A952-41A1-ABF1-9B9BACDD12ED}.Silverlight Debug|Any CPU.Build.0 = Debug|Any CPU
		{B57B71C6-A952-41A1-ABF1-9B9BACDD12ED}.Silverlight Release|Any CPU.ActiveCfg = Release|Any CPU
		{B57B71C6-A952-41A1-ABF1-9B9BACDD12ED}.Silverlight Release|Any CPU.Build.0 = Release|Any CPU
		{B57B71C6-A952-41A1-ABF1-9B9BACDD12ED}.SpecSharp|Any CPU.ActiveCfg = Release|Any CPU
		{B57B71C6-A952-41A1-ABF1-9B9BACDD12ED}.SpecSharp|Any CPU.Build.0 = Release|Any CPU
		{A9B3BA9E-6955-43E6-9846-54DEFEDCFBFC}.Debug|Any CPU.ActiveCfg = Debug|Any CPU
		{A9B3BA9E-6955-43E6-9846-54DEFEDCFBFC}.Debug|Any CPU.Build.0 = Debug|Any CPU
		{A9B3BA9E-6955-43E6-9846-54DEFEDCFBFC}.DelaySigned Release|Any CPU.ActiveCfg = Release|Any CPU
		{A9B3BA9E-6955-43E6-9846-54DEFEDCFBFC}.DelaySigned Release|Any CPU.Build.0 = Release|Any CPU
		{A9B3BA9E-6955-43E6-9846-54DEFEDCFBFC}.DelaySigned Silverlight Release|Any CPU.ActiveCfg = Release|Any CPU
		{A9B3BA9E-6955-43E6-9846-54DEFEDCFBFC}.DelaySigned Silverlight Release|Any CPU.Build.0 = Release|Any CPU
		{A9B3BA9E-6955-43E6-9846-54DEFEDCFBFC}.FxCop|Any CPU.ActiveCfg = Release|Any CPU
		{A9B3BA9E-6955-43E6-9846-54DEFEDCFBFC}.FxCop|Any CPU.Build.0 = Release|Any CPU
		{A9B3BA9E-6955-43E6-9846-54DEFEDCFBFC}.Release|Any CPU.ActiveCfg = Release|Any CPU
		{A9B3BA9E-6955-43E6-9846-54DEFEDCFBFC}.Release|Any CPU.Build.0 = Release|Any CPU
		{A9B3BA9E-6955-43E6-9846-54DEFEDCFBFC}.Silverlight Debug|Any CPU.ActiveCfg = Debug|Any CPU
		{A9B3BA9E-6955-43E6-9846-54DEFEDCFBFC}.Silverlight Debug|Any CPU.Build.0 = Debug|Any CPU
		{A9B3BA9E-6955-43E6-9846-54DEFEDCFBFC}.Silverlight Release|Any CPU.ActiveCfg = Release|Any CPU
		{A9B3BA9E-6955-43E6-9846-54DEFEDCFBFC}.Silverlight Release|Any CPU.Build.0 = Release|Any CPU
		{A9B3BA9E-6955-43E6-9846-54DEFEDCFBFC}.SpecSharp|Any CPU.ActiveCfg = Release|Any CPU
		{A9B3BA9E-6955-43E6-9846-54DEFEDCFBFC}.SpecSharp|Any CPU.Build.0 = Release|Any CPU
		{0A74E77B-8BFF-4A64-8A16-5D0E5C9C47F3}.Debug|Any CPU.ActiveCfg = Debug|Any CPU
		{0A74E77B-8BFF-4A64-8A16-5D0E5C9C47F3}.Debug|Any CPU.Build.0 = Debug|Any CPU
		{0A74E77B-8BFF-4A64-8A16-5D0E5C9C47F3}.DelaySigned Release|Any CPU.ActiveCfg = Release|Any CPU
		{0A74E77B-8BFF-4A64-8A16-5D0E5C9C47F3}.DelaySigned Release|Any CPU.Build.0 = Release|Any CPU
		{0A74E77B-8BFF-4A64-8A16-5D0E5C9C47F3}.DelaySigned Silverlight Release|Any CPU.ActiveCfg = Release|Any CPU
		{0A74E77B-8BFF-4A64-8A16-5D0E5C9C47F3}.DelaySigned Silverlight Release|Any CPU.Build.0 = Release|Any CPU
		{0A74E77B-8BFF-4A64-8A16-5D0E5C9C47F3}.FxCop|Any CPU.ActiveCfg = Release|Any CPU
		{0A74E77B-8BFF-4A64-8A16-5D0E5C9C47F3}.FxCop|Any CPU.Build.0 = Release|Any CPU
		{0A74E77B-8BFF-4A64-8A16-5D0E5C9C47F3}.Release|Any CPU.ActiveCfg = Release|Any CPU
		{0A74E77B-8BFF-4A64-8A16-5D0E5C9C47F3}.Release|Any CPU.Build.0 = Release|Any CPU
		{0A74E77B-8BFF-4A64-8A16-5D0E5C9C47F3}.Silverlight Debug|Any CPU.ActiveCfg = Debug|Any CPU
		{0A74E77B-8BFF-4A64-8A16-5D0E5C9C47F3}.Silverlight Debug|Any CPU.Build.0 = Debug|Any CPU
		{0A74E77B-8BFF-4A64-8A16-5D0E5C9C47F3}.Silverlight Release|Any CPU.ActiveCfg = Release|Any CPU
		{0A74E77B-8BFF-4A64-8A16-5D0E5C9C47F3}.Silverlight Release|Any CPU.Build.0 = Release|Any CPU
		{0A74E77B-8BFF-4A64-8A16-5D0E5C9C47F3}.SpecSharp|Any CPU.ActiveCfg = Release|Any CPU
		{0A74E77B-8BFF-4A64-8A16-5D0E5C9C47F3}.SpecSharp|Any CPU.Build.0 = Release|Any CPU
		{3DBF3359-43B5-47C9-9E4D-CF50D7587F20}.Debug|Any CPU.ActiveCfg = Debug|Any CPU
		{3DBF3359-43B5-47C9-9E4D-CF50D7587F20}.Debug|Any CPU.Build.0 = Debug|Any CPU
		{3DBF3359-43B5-47C9-9E4D-CF50D7587F20}.DelaySigned Release|Any CPU.ActiveCfg = Release|Any CPU
		{3DBF3359-43B5-47C9-9E4D-CF50D7587F20}.DelaySigned Release|Any CPU.Build.0 = Release|Any CPU
		{3DBF3359-43B5-47C9-9E4D-CF50D7587F20}.DelaySigned Silverlight Release|Any CPU.ActiveCfg = Release|Any CPU
		{3DBF3359-43B5-47C9-9E4D-CF50D7587F20}.DelaySigned Silverlight Release|Any CPU.Build.0 = Release|Any CPU
		{3DBF3359-43B5-47C9-9E4D-CF50D7587F20}.FxCop|Any CPU.ActiveCfg = Release|Any CPU
		{3DBF3359-43B5-47C9-9E4D-CF50D7587F20}.FxCop|Any CPU.Build.0 = Release|Any CPU
		{3DBF3359-43B5-47C9-9E4D-CF50D7587F20}.Release|Any CPU.ActiveCfg = Release|Any CPU
		{3DBF3359-43B5-47C9-9E4D-CF50D7587F20}.Release|Any CPU.Build.0 = Release|Any CPU
		{3DBF3359-43B5-47C9-9E4D-CF50D7587F20}.Silverlight Debug|Any CPU.ActiveCfg = Debug|Any CPU
		{3DBF3359-43B5-47C9-9E4D-CF50D7587F20}.Silverlight Debug|Any CPU.Build.0 = Debug|Any CPU
		{3DBF3359-43B5-47C9-9E4D-CF50D7587F20}.Silverlight Release|Any CPU.ActiveCfg = Release|Any CPU
		{3DBF3359-43B5-47C9-9E4D-CF50D7587F20}.Silverlight Release|Any CPU.Build.0 = Release|Any CPU
		{3DBF3359-43B5-47C9-9E4D-CF50D7587F20}.SpecSharp|Any CPU.ActiveCfg = Release|Any CPU
		{3DBF3359-43B5-47C9-9E4D-CF50D7587F20}.SpecSharp|Any CPU.Build.0 = Release|Any CPU
		{2AE75F5A-CD1F-4925-9647-AF4D1C282FB4}.Debug|Any CPU.ActiveCfg = Debug|Any CPU
		{2AE75F5A-CD1F-4925-9647-AF4D1C282FB4}.Debug|Any CPU.Build.0 = Debug|Any CPU
		{2AE75F5A-CD1F-4925-9647-AF4D1C282FB4}.DelaySigned Release|Any CPU.ActiveCfg = Release|Any CPU
		{2AE75F5A-CD1F-4925-9647-AF4D1C282FB4}.DelaySigned Release|Any CPU.Build.0 = Release|Any CPU
		{2AE75F5A-CD1F-4925-9647-AF4D1C282FB4}.DelaySigned Silverlight Release|Any CPU.ActiveCfg = Silverlight Release|Any CPU
		{2AE75F5A-CD1F-4925-9647-AF4D1C282FB4}.DelaySigned Silverlight Release|Any CPU.Build.0 = Silverlight Release|Any CPU
		{2AE75F5A-CD1F-4925-9647-AF4D1C282FB4}.FxCop|Any CPU.ActiveCfg = FxCop|Any CPU
		{2AE75F5A-CD1F-4925-9647-AF4D1C282FB4}.FxCop|Any CPU.Build.0 = FxCop|Any CPU
		{2AE75F5A-CD1F-4925-9647-AF4D1C282FB4}.Release|Any CPU.ActiveCfg = Release|Any CPU
		{2AE75F5A-CD1F-4925-9647-AF4D1C282FB4}.Release|Any CPU.Build.0 = Release|Any CPU
		{2AE75F5A-CD1F-4925-9647-AF4D1C282FB4}.Silverlight Debug|Any CPU.ActiveCfg = Silverlight Debug|Any CPU
		{2AE75F5A-CD1F-4925-9647-AF4D1C282FB4}.Silverlight Debug|Any CPU.Build.0 = Silverlight Debug|Any CPU
		{2AE75F5A-CD1F-4925-9647-AF4D1C282FB4}.Silverlight Release|Any CPU.ActiveCfg = Silverlight Release|Any CPU
		{2AE75F5A-CD1F-4925-9647-AF4D1C282FB4}.Silverlight Release|Any CPU.Build.0 = Silverlight Release|Any CPU
		{2AE75F5A-CD1F-4925-9647-AF4D1C282FB4}.SpecSharp|Any CPU.ActiveCfg = Silverlight Release|Any CPU
		{2AE75F5A-CD1F-4925-9647-AF4D1C282FB4}.SpecSharp|Any CPU.Build.0 = Silverlight Release|Any CPU
		{EB66B766-6354-4208-A3D4-AACBDCB5C3B3}.Debug|Any CPU.ActiveCfg = Debug|Any CPU
		{EB66B766-6354-4208-A3D4-AACBDCB5C3B3}.Debug|Any CPU.Build.0 = Debug|Any CPU
		{EB66B766-6354-4208-A3D4-AACBDCB5C3B3}.DelaySigned Release|Any CPU.ActiveCfg = Release|Any CPU
		{EB66B766-6354-4208-A3D4-AACBDCB5C3B3}.DelaySigned Release|Any CPU.Build.0 = Release|Any CPU
		{EB66B766-6354-4208-A3D4-AACBDCB5C3B3}.DelaySigned Silverlight Release|Any CPU.ActiveCfg = Silverlight Release|Any CPU
		{EB66B766-6354-4208-A3D4-AACBDCB5C3B3}.DelaySigned Silverlight Release|Any CPU.Build.0 = Silverlight Release|Any CPU
		{EB66B766-6354-4208-A3D4-AACBDCB5C3B3}.FxCop|Any CPU.ActiveCfg = FxCop|Any CPU
		{EB66B766-6354-4208-A3D4-AACBDCB5C3B3}.FxCop|Any CPU.Build.0 = FxCop|Any CPU
		{EB66B766-6354-4208-A3D4-AACBDCB5C3B3}.Release|Any CPU.ActiveCfg = Release|Any CPU
		{EB66B766-6354-4208-A3D4-AACBDCB5C3B3}.Release|Any CPU.Build.0 = Release|Any CPU
		{EB66B766-6354-4208-A3D4-AACBDCB5C3B3}.Silverlight Debug|Any CPU.ActiveCfg = Silverlight Debug|Any CPU
		{EB66B766-6354-4208-A3D4-AACBDCB5C3B3}.Silverlight Debug|Any CPU.Build.0 = Silverlight Debug|Any CPU
		{EB66B766-6354-4208-A3D4-AACBDCB5C3B3}.Silverlight Release|Any CPU.ActiveCfg = Silverlight Release|Any CPU
		{EB66B766-6354-4208-A3D4-AACBDCB5C3B3}.Silverlight Release|Any CPU.Build.0 = Silverlight Release|Any CPU
		{EB66B766-6354-4208-A3D4-AACBDCB5C3B3}.SpecSharp|Any CPU.ActiveCfg = Silverlight Release|Any CPU
		{EB66B766-6354-4208-A3D4-AACBDCB5C3B3}.SpecSharp|Any CPU.Build.0 = Silverlight Release|Any CPU
		{8B0F1074-750E-4D64-BF23-A1E0F54261E5}.Debug|Any CPU.ActiveCfg = Debug|Any CPU
		{8B0F1074-750E-4D64-BF23-A1E0F54261E5}.Debug|Any CPU.Build.0 = Debug|Any CPU
		{8B0F1074-750E-4D64-BF23-A1E0F54261E5}.DelaySigned Release|Any CPU.ActiveCfg = Release|Any CPU
		{8B0F1074-750E-4D64-BF23-A1E0F54261E5}.DelaySigned Release|Any CPU.Build.0 = Release|Any CPU
		{8B0F1074-750E-4D64-BF23-A1E0F54261E5}.DelaySigned Silverlight Release|Any CPU.ActiveCfg = Silverlight Release|Any CPU
		{8B0F1074-750E-4D64-BF23-A1E0F54261E5}.DelaySigned Silverlight Release|Any CPU.Build.0 = Silverlight Release|Any CPU
		{8B0F1074-750E-4D64-BF23-A1E0F54261E5}.FxCop|Any CPU.ActiveCfg = FxCop|Any CPU
		{8B0F1074-750E-4D64-BF23-A1E0F54261E5}.FxCop|Any CPU.Build.0 = FxCop|Any CPU
		{8B0F1074-750E-4D64-BF23-A1E0F54261E5}.Release|Any CPU.ActiveCfg = Release|Any CPU
		{8B0F1074-750E-4D64-BF23-A1E0F54261E5}.Release|Any CPU.Build.0 = Release|Any CPU
		{8B0F1074-750E-4D64-BF23-A1E0F54261E5}.Silverlight Debug|Any CPU.ActiveCfg = Silverlight Debug|Any CPU
		{8B0F1074-750E-4D64-BF23-A1E0F54261E5}.Silverlight Debug|Any CPU.Build.0 = Silverlight Debug|Any CPU
		{8B0F1074-750E-4D64-BF23-A1E0F54261E5}.Silverlight Release|Any CPU.ActiveCfg = Silverlight Release|Any CPU
		{8B0F1074-750E-4D64-BF23-A1E0F54261E5}.Silverlight Release|Any CPU.Build.0 = Silverlight Release|Any CPU
		{8B0F1074-750E-4D64-BF23-A1E0F54261E5}.SpecSharp|Any CPU.ActiveCfg = Silverlight Release|Any CPU
		{8B0F1074-750E-4D64-BF23-A1E0F54261E5}.SpecSharp|Any CPU.Build.0 = Silverlight Release|Any CPU
	EndGlobalSection
	GlobalSection(SolutionProperties) = preSolution
		HideSolutionNode = FALSE
	EndGlobalSection
	GlobalSection(NestedProjects) = preSolution
		{2AE75F5A-CD1F-4925-9647-AF4D1C282FB4} = {491B4A6F-D38A-49CA-BDE8-A7693919CB0B}
		{EB66B766-6354-4208-A3D4-AACBDCB5C3B3} = {491B4A6F-D38A-49CA-BDE8-A7693919CB0B}
		{8B0F1074-750E-4D64-BF23-A1E0F54261E5} = {491B4A6F-D38A-49CA-BDE8-A7693919CB0B}
	EndGlobalSection
EndGlobal
